// !$*UTF8*$!
{
	archiveVersion = 1;
	classes = {
	};
	objectVersion = 46;
	objects = {

/* Begin PBXBuildFile section */
		34A1A2981A14367900D00AB4 /* Application.ss in Resources */ = {isa = PBXBuildFile; fileRef = A9FB9A901240588A40BFE53D /* Application.ss */; };
		34A1A2991A14367900D00AB4 /* HelloWorld.ss in Resources */ = {isa = PBXBuildFile; fileRef = 57E47C20105D39A40EF0F8C6 /* HelloWorld.ss */; };
		37EBF5E244553FBE2FAAB1D8 /* HelloWorldView.m in Sources */ = {isa = PBXBuildFile; fileRef = CCA5DE1933E16CAAEA4E5E7B /* HelloWorldView.m */; };
		6003F58E195388D20070C39A /* Foundation.framework in Frameworks */ = {isa = PBXBuildFile; fileRef = 6003F58D195388D20070C39A /* Foundation.framework */; };
		6003F590195388D20070C39A /* CoreGraphics.framework in Frameworks */ = {isa = PBXBuildFile; fileRef = 6003F58F195388D20070C39A /* CoreGraphics.framework */; };
		6003F592195388D20070C39A /* UIKit.framework in Frameworks */ = {isa = PBXBuildFile; fileRef = 6003F591195388D20070C39A /* UIKit.framework */; };
		6003F598195388D20070C39A /* InfoPlist.strings in Resources */ = {isa = PBXBuildFile; fileRef = 6003F596195388D20070C39A /* InfoPlist.strings */; };
		6003F59A195388D20070C39A /* main.m in Sources */ = {isa = PBXBuildFile; fileRef = 6003F599195388D20070C39A /* main.m */; };
		6003F59E195388D20070C39A /* IUAppDelegate.m in Sources */ = {isa = PBXBuildFile; fileRef = 6003F59D195388D20070C39A /* IUAppDelegate.m */; };
		6003F5A9195388D20070C39A /* Images.xcassets in Resources */ = {isa = PBXBuildFile; fileRef = 6003F5A8195388D20070C39A /* Images.xcassets */; };
		6003F5B0195388D20070C39A /* XCTest.framework in Frameworks */ = {isa = PBXBuildFile; fileRef = 6003F5AF195388D20070C39A /* XCTest.framework */; };
		6003F5B1195388D20070C39A /* Foundation.framework in Frameworks */ = {isa = PBXBuildFile; fileRef = 6003F58D195388D20070C39A /* Foundation.framework */; };
		6003F5B2195388D20070C39A /* UIKit.framework in Frameworks */ = {isa = PBXBuildFile; fileRef = 6003F591195388D20070C39A /* UIKit.framework */; };
		6003F5BA195388D20070C39A /* InfoPlist.strings in Resources */ = {isa = PBXBuildFile; fileRef = 6003F5B8195388D20070C39A /* InfoPlist.strings */; };
		6003F5BC195388D20070C39A /* Tests.m in Sources */ = {isa = PBXBuildFile; fileRef = 6003F5BB195388D20070C39A /* Tests.m */; };
		7202F4BC1F71AF66ABBE1C43 /* libPods-Tests.a in Frameworks */ = {isa = PBXBuildFile; fileRef = 708E7DD1D6AF8D93F496E533 /* libPods-Tests.a */; };
		AD428E84033CCE50B67217BE /* HelloWorldController.m in Sources */ = {isa = PBXBuildFile; fileRef = B51EF15F9F8D9928F982E75F /* HelloWorldController.m */; };
		D72A85DC9C77BF50F2D75906 /* libPods-Boat.a in Frameworks */ = {isa = PBXBuildFile; fileRef = 97EA804394B480FC01BEBABC /* libPods-Boat.a */; };
		E27650303B0E49791A0096C5 /* ApplicationView.m in Sources */ = {isa = PBXBuildFile; fileRef = AFDD5F2C4BC6A72216141460 /* ApplicationView.m */; };
		EBEDB684794FD27FA45478FA /* ApplicationController.m in Sources */ = {isa = PBXBuildFile; fileRef = AE3ABFC6B1B798A7D7A0C8D4 /* ApplicationController.m */; };
/* End PBXBuildFile section */

/* Begin PBXContainerItemProxy section */
		6003F5B3195388D20070C39A /* PBXContainerItemProxy */ = {
			isa = PBXContainerItemProxy;
			containerPortal = 6003F582195388D10070C39A /* Project object */;
			proxyType = 1;
			remoteGlobalIDString = 6003F589195388D20070C39A;
			remoteInfo = Boat;
		};
/* End PBXContainerItemProxy section */

/* Begin PBXFileReference section */
		04734CEB5C24717348D72A4A /* LICENSE */ = {isa = PBXFileReference; includeInIndex = 1; lastKnownFileType = text; name = LICENSE; path = ../LICENSE; sourceTree = "<group>"; };
		193D9BA90A2C7C10372764E3 /* login-password-input-bg.png */ = {isa = PBXFileReference; includeInIndex = 1; lastKnownFileType = image.png; name = "login-password-input-bg.png"; path = "Public/Images/login-password-input-bg.png"; sourceTree = "<group>"; };
		1AD1231716ADC2799E0FA37C /* login-username-input-bg@2x.png */ = {isa = PBXFileReference; includeInIndex = 1; lastKnownFileType = image.png; name = "login-username-input-bg@2x.png"; path = "Public/Images/login-username-input-bg@2x.png"; sourceTree = "<group>"; };
		2728CBB468DDDDFAE27F828F /* login-password.png */ = {isa = PBXFileReference; includeInIndex = 1; lastKnownFileType = image.png; name = "login-password.png"; path = "Public/Images/login-password.png"; sourceTree = "<group>"; };
		342A9E9F19F2CD0B001DC8C7 /* libPods-Boat.a */ = {isa = PBXFileReference; lastKnownFileType = archive.ar; name = "libPods-Boat.a"; path = "Pods/build/Debug-iphoneos/libPods-Boat.a"; sourceTree = "<group>"; };
		35A2C1FFA18FB607069A0444 /* login-register-confirm@2x.png */ = {isa = PBXFileReference; includeInIndex = 1; lastKnownFileType = image.png; name = "login-register-confirm@2x.png"; path = "Public/Images/login-register-confirm@2x.png"; sourceTree = "<group>"; };
		3E0E9F2FC8E700DE766C9FAE /* login-password-input-bg@2x.png */ = {isa = PBXFileReference; includeInIndex = 1; lastKnownFileType = image.png; name = "login-password-input-bg@2x.png"; path = "Public/Images/login-password-input-bg@2x.png"; sourceTree = "<group>"; };
		57E47C20105D39A40EF0F8C6 /* HelloWorld.ss */ = {isa = PBXFileReference; includeInIndex = 1; lastKnownFileType = text; name = HelloWorld.ss; path = Public/Stylesheets/HelloWorld.ss; sourceTree = "<group>"; };
		6003F58A195388D20070C39A /* Boat.app */ = {isa = PBXFileReference; explicitFileType = wrapper.application; includeInIndex = 0; path = Boat.app; sourceTree = BUILT_PRODUCTS_DIR; };
		6003F58D195388D20070C39A /* Foundation.framework */ = {isa = PBXFileReference; lastKnownFileType = wrapper.framework; name = Foundation.framework; path = System/Library/Frameworks/Foundation.framework; sourceTree = SDKROOT; };
		6003F58F195388D20070C39A /* CoreGraphics.framework */ = {isa = PBXFileReference; lastKnownFileType = wrapper.framework; name = CoreGraphics.framework; path = System/Library/Frameworks/CoreGraphics.framework; sourceTree = SDKROOT; };
		6003F591195388D20070C39A /* UIKit.framework */ = {isa = PBXFileReference; lastKnownFileType = wrapper.framework; name = UIKit.framework; path = System/Library/Frameworks/UIKit.framework; sourceTree = SDKROOT; };
		6003F595195388D20070C39A /* Boat-Info.plist */ = {isa = PBXFileReference; lastKnownFileType = text.plist.xml; path = "Boat-Info.plist"; sourceTree = "<group>"; };
		6003F597195388D20070C39A /* en */ = {isa = PBXFileReference; lastKnownFileType = text.plist.strings; name = en; path = en.lproj/InfoPlist.strings; sourceTree = "<group>"; };
		6003F599195388D20070C39A /* main.m */ = {isa = PBXFileReference; lastKnownFileType = sourcecode.c.objc; path = main.m; sourceTree = "<group>"; };
		6003F59B195388D20070C39A /* Boat-Prefix.pch */ = {isa = PBXFileReference; lastKnownFileType = sourcecode.c.h; path = "Boat-Prefix.pch"; sourceTree = "<group>"; };
		6003F59C195388D20070C39A /* IUAppDelegate.h */ = {isa = PBXFileReference; lastKnownFileType = sourcecode.c.h; path = IUAppDelegate.h; sourceTree = "<group>"; };
		6003F59D195388D20070C39A /* IUAppDelegate.m */ = {isa = PBXFileReference; lastKnownFileType = sourcecode.c.objc; path = IUAppDelegate.m; sourceTree = "<group>"; };
		6003F5A8195388D20070C39A /* Images.xcassets */ = {isa = PBXFileReference; lastKnownFileType = folder.assetcatalog; path = Images.xcassets; sourceTree = "<group>"; };
		6003F5AE195388D20070C39A /* Tests.xctest */ = {isa = PBXFileReference; explicitFileType = wrapper.cfbundle; includeInIndex = 0; path = Tests.xctest; sourceTree = BUILT_PRODUCTS_DIR; };
		6003F5AF195388D20070C39A /* XCTest.framework */ = {isa = PBXFileReference; lastKnownFileType = wrapper.framework; name = XCTest.framework; path = Library/Frameworks/XCTest.framework; sourceTree = DEVELOPER_DIR; };
		6003F5B7195388D20070C39A /* Tests-Info.plist */ = {isa = PBXFileReference; lastKnownFileType = text.plist.xml; path = "Tests-Info.plist"; sourceTree = "<group>"; };
		6003F5B9195388D20070C39A /* en */ = {isa = PBXFileReference; lastKnownFileType = text.plist.strings; name = en; path = en.lproj/InfoPlist.strings; sourceTree = "<group>"; };
		6003F5BB195388D20070C39A /* Tests.m */ = {isa = PBXFileReference; lastKnownFileType = sourcecode.c.objc; path = Tests.m; sourceTree = "<group>"; };
		606FC2411953D9B200FFA9A0 /* Tests-Prefix.pch */ = {isa = PBXFileReference; lastKnownFileType = sourcecode.c.h; path = "Tests-Prefix.pch"; sourceTree = "<group>"; };
		630658328C55FC96120693EC /* HelloWorldView.h */ = {isa = PBXFileReference; includeInIndex = 1; lastKnownFileType = sourcecode.c.h; name = HelloWorldView.h; path = Views/HelloWorldView.h; sourceTree = "<group>"; };
		6819EB4ADF658959251D7256 /* HelloWorldController.h */ = {isa = PBXFileReference; includeInIndex = 1; lastKnownFileType = sourcecode.c.h; name = HelloWorldController.h; path = Controller/HelloWorldController.h; sourceTree = "<group>"; };
		708E7DD1D6AF8D93F496E533 /* libPods-Tests.a */ = {isa = PBXFileReference; explicitFileType = archive.ar; includeInIndex = 0; path = "libPods-Tests.a"; sourceTree = BUILT_PRODUCTS_DIR; };
		750229D570C9079E6C6C1207 /* Pods-Tests.debug.xcconfig */ = {isa = PBXFileReference; includeInIndex = 1; lastKnownFileType = text.xcconfig; name = "Pods-Tests.debug.xcconfig"; path = "Pods/Target Support Files/Pods-Tests/Pods-Tests.debug.xcconfig"; sourceTree = "<group>"; };
		7F05BC75A8B83751CB6DADD5 /* login-password@2x.png */ = {isa = PBXFileReference; includeInIndex = 1; lastKnownFileType = image.png; name = "login-password@2x.png"; path = "Public/Images/login-password@2x.png"; sourceTree = "<group>"; };
		819D09FA5F0BDB33D530CA4F /* Pods-Boat.debug.xcconfig */ = {isa = PBXFileReference; includeInIndex = 1; lastKnownFileType = text.xcconfig; name = "Pods-Boat.debug.xcconfig"; path = "Pods/Target Support Files/Pods-Boat/Pods-Boat.debug.xcconfig"; sourceTree = "<group>"; };
		85FB6513F48A5547DB497C7D /* Pods-Tests.release.xcconfig */ = {isa = PBXFileReference; includeInIndex = 1; lastKnownFileType = text.xcconfig; name = "Pods-Tests.release.xcconfig"; path = "Pods/Target Support Files/Pods-Tests/Pods-Tests.release.xcconfig"; sourceTree = "<group>"; };
		8B8C843338523B898868B032 /* login-register@2x.png */ = {isa = PBXFileReference; includeInIndex = 1; lastKnownFileType = image.png; name = "login-register@2x.png"; path = "Public/Images/login-register@2x.png"; sourceTree = "<group>"; };
		8DB3C45EEE26AC7F8C6EEE3A /* login-username-input-bg.png */ = {isa = PBXFileReference; includeInIndex = 1; lastKnownFileType = image.png; name = "login-username-input-bg.png"; path = "Public/Images/login-username-input-bg.png"; sourceTree = "<group>"; };
		97EA804394B480FC01BEBABC /* libPods-Boat.a */ = {isa = PBXFileReference; explicitFileType = archive.ar; includeInIndex = 0; path = "libPods-Boat.a"; sourceTree = BUILT_PRODUCTS_DIR; };
		9DF0C20CF3A19869A28F3AC2 /* Boat.podspec */ = {isa = PBXFileReference; includeInIndex = 1; lastKnownFileType = text; name = Boat.podspec; path = ../Boat.podspec; sourceTree = "<group>"; };
		A019CAA36BF6C6C79FD75DA2 /* Pods-Boat.release.xcconfig */ = {isa = PBXFileReference; includeInIndex = 1; lastKnownFileType = text.xcconfig; name = "Pods-Boat.release.xcconfig"; path = "Pods/Target Support Files/Pods-Boat/Pods-Boat.release.xcconfig"; sourceTree = "<group>"; };
		A38CDD26FF7945031EAA0DFC /* ApplicationView.h */ = {isa = PBXFileReference; includeInIndex = 1; lastKnownFileType = sourcecode.c.h; name = ApplicationView.h; path = Views/ApplicationView.h; sourceTree = "<group>"; };
		A9FB9A901240588A40BFE53D /* Application.ss */ = {isa = PBXFileReference; includeInIndex = 1; lastKnownFileType = text; name = Application.ss; path = Public/Stylesheets/Application.ss; sourceTree = "<group>"; };
		ABABDD38EC1C8FC3F7C2621B /* login-register.png */ = {isa = PBXFileReference; includeInIndex = 1; lastKnownFileType = image.png; name = "login-register.png"; path = "Public/Images/login-register.png"; sourceTree = "<group>"; };
		AE3ABFC6B1B798A7D7A0C8D4 /* ApplicationController.m */ = {isa = PBXFileReference; includeInIndex = 1; lastKnownFileType = sourcecode.c.objc; name = ApplicationController.m; path = Controller/ApplicationController.m; sourceTree = "<group>"; };
		AF771115121E3B63A7F53C94 /* login-username@2x.png */ = {isa = PBXFileReference; includeInIndex = 1; lastKnownFileType = image.png; name = "login-username@2x.png"; path = "Public/Images/login-username@2x.png"; sourceTree = "<group>"; };
		AFDD5F2C4BC6A72216141460 /* ApplicationView.m */ = {isa = PBXFileReference; includeInIndex = 1; lastKnownFileType = sourcecode.c.objc; name = ApplicationView.m; path = Views/ApplicationView.m; sourceTree = "<group>"; };
		B2170ABC6D3106681D6C5CE2 /* login-register-confirm.png */ = {isa = PBXFileReference; includeInIndex = 1; lastKnownFileType = image.png; name = "login-register-confirm.png"; path = "Public/Images/login-register-confirm.png"; sourceTree = "<group>"; };
		B51EF15F9F8D9928F982E75F /* HelloWorldController.m */ = {isa = PBXFileReference; includeInIndex = 1; lastKnownFileType = sourcecode.c.objc; name = HelloWorldController.m; path = Controller/HelloWorldController.m; sourceTree = "<group>"; };
		B7A15D6714C965C1876AD22A /* login-confirm@2x.png */ = {isa = PBXFileReference; includeInIndex = 1; lastKnownFileType = image.png; name = "login-confirm@2x.png"; path = "Public/Images/login-confirm@2x.png"; sourceTree = "<group>"; };
		BB5994B50E536B6FDCAAB6FE /* ApplicationController.h */ = {isa = PBXFileReference; includeInIndex = 1; lastKnownFileType = sourcecode.c.h; name = ApplicationController.h; path = Controller/ApplicationController.h; sourceTree = "<group>"; };
		CCA5DE1933E16CAAEA4E5E7B /* HelloWorldView.m */ = {isa = PBXFileReference; includeInIndex = 1; lastKnownFileType = sourcecode.c.objc; name = HelloWorldView.m; path = Views/HelloWorldView.m; sourceTree = "<group>"; };
		E2E6EF8712184267AD96AD53 /* README.md */ = {isa = PBXFileReference; includeInIndex = 1; lastKnownFileType = net.daringfireball.markdown; name = README.md; path = ../README.md; sourceTree = "<group>"; };
		E75D7999989C43F8C2E94CE2 /* login-username.png */ = {isa = PBXFileReference; includeInIndex = 1; lastKnownFileType = image.png; name = "login-username.png"; path = "Public/Images/login-username.png"; sourceTree = "<group>"; };
		F80D2CFF01A867A1DFCDC144 /* login-confirm.png */ = {isa = PBXFileReference; includeInIndex = 1; lastKnownFileType = image.png; name = "login-confirm.png"; path = "Public/Images/login-confirm.png"; sourceTree = "<group>"; };
/* End PBXFileReference section */

/* Begin PBXFrameworksBuildPhase section */
		6003F587195388D20070C39A /* Frameworks */ = {
			isa = PBXFrameworksBuildPhase;
			buildActionMask = 2147483647;
			files = (
				6003F590195388D20070C39A /* CoreGraphics.framework in Frameworks */,
				6003F592195388D20070C39A /* UIKit.framework in Frameworks */,
				6003F58E195388D20070C39A /* Foundation.framework in Frameworks */,
				D72A85DC9C77BF50F2D75906 /* libPods-Boat.a in Frameworks */,
			);
			runOnlyForDeploymentPostprocessing = 0;
		};
		6003F5AB195388D20070C39A /* Frameworks */ = {
			isa = PBXFrameworksBuildPhase;
			buildActionMask = 2147483647;
			files = (
				6003F5B0195388D20070C39A /* XCTest.framework in Frameworks */,
				6003F5B2195388D20070C39A /* UIKit.framework in Frameworks */,
				6003F5B1195388D20070C39A /* Foundation.framework in Frameworks */,
				7202F4BC1F71AF66ABBE1C43 /* libPods-Tests.a in Frameworks */,
			);
			runOnlyForDeploymentPostprocessing = 0;
		};
/* End PBXFrameworksBuildPhase section */

/* Begin PBXGroup section */
		0E2E1BE44798BC840EE6B30E /* Application */ = {
			isa = PBXGroup;
			children = (
				A38CDD26FF7945031EAA0DFC /* ApplicationView.h */,
				AFDD5F2C4BC6A72216141460 /* ApplicationView.m */,
			);
			name = Application;
			sourceTree = "<group>";
		};
		0E8CBBEEB0E544908BC2A632 /* Libs */ = {
			isa = PBXGroup;
			children = (
			);
			name = Libs;
			sourceTree = "<group>";
		};
		1ABFB4C3A6145707CAF42156 /* HelloWorld */ = {
			isa = PBXGroup;
			children = (
				6819EB4ADF658959251D7256 /* HelloWorldController.h */,
				B51EF15F9F8D9928F982E75F /* HelloWorldController.m */,
			);
			name = HelloWorld;
			sourceTree = "<group>";
		};
		2EE8F0C2C473C9D2768AF544 /* Stylesheets */ = {
			isa = PBXGroup;
			children = (
				A9FB9A901240588A40BFE53D /* Application.ss */,
				57E47C20105D39A40EF0F8C6 /* HelloWorld.ss */,
			);
			name = Stylesheets;
			sourceTree = "<group>";
		};
		3799D0D7C6F24407BFB1512A /* Public */ = {
			isa = PBXGroup;
			children = (
				2EE8F0C2C473C9D2768AF544 /* Stylesheets */,
				F6E4257FD3E55D1B805A946E /* Images */,
			);
			name = Public;
			sourceTree = "<group>";
		};
		4AA8D5913B24FCDC8B848AD0 /* Models */ = {
			isa = PBXGroup;
			children = (
			);
			name = Models;
			sourceTree = "<group>";
		};
		53F3BC7DA32981BD088E45D1 /* Application */ = {
			isa = PBXGroup;
			children = (
				BB5994B50E536B6FDCAAB6FE /* ApplicationController.h */,
				AE3ABFC6B1B798A7D7A0C8D4 /* ApplicationController.m */,
			);
			name = Application;
			sourceTree = "<group>";
		};
		6003F581195388D10070C39A = {
			isa = PBXGroup;
			children = (
				60FF7A9C1954A5C5007DD14C /* Podspec Metadata */,
				6003F593195388D20070C39A /* Boat */,
				6003F5B5195388D20070C39A /* Tests */,
				6003F58C195388D20070C39A /* Frameworks */,
				6003F58B195388D20070C39A /* Products */,
				7F5FAD431A9F6CC65121C17F /* Pods */,
			);
			sourceTree = "<group>";
		};
		6003F58B195388D20070C39A /* Products */ = {
			isa = PBXGroup;
			children = (
				6003F58A195388D20070C39A /* Boat.app */,
				6003F5AE195388D20070C39A /* Tests.xctest */,
			);
			name = Products;
			sourceTree = "<group>";
		};
		6003F58C195388D20070C39A /* Frameworks */ = {
			isa = PBXGroup;
			children = (
				342A9E9F19F2CD0B001DC8C7 /* libPods-Boat.a */,
				6003F58D195388D20070C39A /* Foundation.framework */,
				6003F58F195388D20070C39A /* CoreGraphics.framework */,
				6003F591195388D20070C39A /* UIKit.framework */,
				6003F5AF195388D20070C39A /* XCTest.framework */,
				97EA804394B480FC01BEBABC /* libPods-Boat.a */,
				708E7DD1D6AF8D93F496E533 /* libPods-Tests.a */,
			);
			name = Frameworks;
			sourceTree = "<group>";
		};
		6003F593195388D20070C39A /* Boat */ = {
			isa = PBXGroup;
			children = (
				6003F59C195388D20070C39A /* IUAppDelegate.h */,
				6003F59D195388D20070C39A /* IUAppDelegate.m */,
				6003F5A8195388D20070C39A /* Images.xcassets */,
				6003F594195388D20070C39A /* Supporting Files */,
				85B4AFACF0FF2885906FA0D7 /* Controller */,
				4AA8D5913B24FCDC8B848AD0 /* Models */,
				BD5B88613207E5DF3753FD49 /* Views */,
				0E8CBBEEB0E544908BC2A632 /* Libs */,
				3799D0D7C6F24407BFB1512A /* Public */,
			);
			path = Boat;
			sourceTree = "<group>";
		};
		6003F594195388D20070C39A /* Supporting Files */ = {
			isa = PBXGroup;
			children = (
				6003F595195388D20070C39A /* Boat-Info.plist */,
				6003F596195388D20070C39A /* InfoPlist.strings */,
				6003F599195388D20070C39A /* main.m */,
				6003F59B195388D20070C39A /* Boat-Prefix.pch */,
			);
			name = "Supporting Files";
			sourceTree = "<group>";
		};
		6003F5B5195388D20070C39A /* Tests */ = {
			isa = PBXGroup;
			children = (
				6003F5BB195388D20070C39A /* Tests.m */,
				6003F5B6195388D20070C39A /* Supporting Files */,
			);
			path = Tests;
			sourceTree = "<group>";
		};
		6003F5B6195388D20070C39A /* Supporting Files */ = {
			isa = PBXGroup;
			children = (
				6003F5B7195388D20070C39A /* Tests-Info.plist */,
				6003F5B8195388D20070C39A /* InfoPlist.strings */,
				606FC2411953D9B200FFA9A0 /* Tests-Prefix.pch */,
			);
			name = "Supporting Files";
			sourceTree = "<group>";
		};
		60FF7A9C1954A5C5007DD14C /* Podspec Metadata */ = {
			isa = PBXGroup;
			children = (
				9DF0C20CF3A19869A28F3AC2 /* Boat.podspec */,
				E2E6EF8712184267AD96AD53 /* README.md */,
				04734CEB5C24717348D72A4A /* LICENSE */,
			);
			name = "Podspec Metadata";
			sourceTree = "<group>";
		};
		7F5FAD431A9F6CC65121C17F /* Pods */ = {
			isa = PBXGroup;
			children = (
				819D09FA5F0BDB33D530CA4F /* Pods-Boat.debug.xcconfig */,
				A019CAA36BF6C6C79FD75DA2 /* Pods-Boat.release.xcconfig */,
				750229D570C9079E6C6C1207 /* Pods-Tests.debug.xcconfig */,
				85FB6513F48A5547DB497C7D /* Pods-Tests.release.xcconfig */,
			);
			name = Pods;
			sourceTree = "<group>";
		};
		85B4AFACF0FF2885906FA0D7 /* Controller */ = {
			isa = PBXGroup;
			children = (
				1ABFB4C3A6145707CAF42156 /* HelloWorld */,
				53F3BC7DA32981BD088E45D1 /* Application */,
			);
			name = Controller;
			sourceTree = "<group>";
		};
		85ED33A798C4E07C8F28151E /* HelloWorld */ = {
			isa = PBXGroup;
			children = (
				630658328C55FC96120693EC /* HelloWorldView.h */,
				CCA5DE1933E16CAAEA4E5E7B /* HelloWorldView.m */,
			);
			name = HelloWorld;
			sourceTree = "<group>";
		};
		BD5B88613207E5DF3753FD49 /* Views */ = {
			isa = PBXGroup;
			children = (
				85ED33A798C4E07C8F28151E /* HelloWorld */,
				0E2E1BE44798BC840EE6B30E /* Application */,
			);
			name = Views;
			sourceTree = "<group>";
		};
		F6E4257FD3E55D1B805A946E /* Images */ = {
			isa = PBXGroup;
			children = (
				F80D2CFF01A867A1DFCDC144 /* login-confirm.png */,
				B7A15D6714C965C1876AD22A /* login-confirm@2x.png */,
				193D9BA90A2C7C10372764E3 /* login-password-input-bg.png */,
				3E0E9F2FC8E700DE766C9FAE /* login-password-input-bg@2x.png */,
				2728CBB468DDDDFAE27F828F /* login-password.png */,
				7F05BC75A8B83751CB6DADD5 /* login-password@2x.png */,
				B2170ABC6D3106681D6C5CE2 /* login-register-confirm.png */,
				35A2C1FFA18FB607069A0444 /* login-register-confirm@2x.png */,
				ABABDD38EC1C8FC3F7C2621B /* login-register.png */,
				8B8C843338523B898868B032 /* login-register@2x.png */,
				8DB3C45EEE26AC7F8C6EEE3A /* login-username-input-bg.png */,
				1AD1231716ADC2799E0FA37C /* login-username-input-bg@2x.png */,
				E75D7999989C43F8C2E94CE2 /* login-username.png */,
				AF771115121E3B63A7F53C94 /* login-username@2x.png */,
			);
			name = Images;
			sourceTree = "<group>";
		};
/* End PBXGroup section */

/* Begin PBXNativeTarget section */
		6003F589195388D20070C39A /* Boat */ = {
			isa = PBXNativeTarget;
			buildConfigurationList = 6003F5BF195388D20070C39A /* Build configuration list for PBXNativeTarget "Boat" */;
			buildPhases = (
				6BADDD0D43A798A0A043916F /* Check Pods Manifest.lock */,
				6003F586195388D20070C39A /* Sources */,
				6003F587195388D20070C39A /* Frameworks */,
				6003F588195388D20070C39A /* Resources */,
				D893BCDA65DA3B9B9422D231 /* Copy Pods Resources */,
			);
			buildRules = (
			);
			dependencies = (
			);
			name = Boat;
			productName = Boat;
			productReference = 6003F58A195388D20070C39A /* Boat.app */;
			productType = "com.apple.product-type.application";
		};
		6003F5AD195388D20070C39A /* Tests */ = {
			isa = PBXNativeTarget;
			buildConfigurationList = 6003F5C2195388D20070C39A /* Build configuration list for PBXNativeTarget "Tests" */;
			buildPhases = (
				320552D846E421787C21D389 /* Check Pods Manifest.lock */,
				6003F5AA195388D20070C39A /* Sources */,
				6003F5AB195388D20070C39A /* Frameworks */,
				6003F5AC195388D20070C39A /* Resources */,
				EE49BF239B7FCCF31E2D771E /* Copy Pods Resources */,
			);
			buildRules = (
			);
			dependencies = (
				6003F5B4195388D20070C39A /* PBXTargetDependency */,
			);
			name = Tests;
			productName = BoatTests;
			productReference = 6003F5AE195388D20070C39A /* Tests.xctest */;
			productType = "com.apple.product-type.bundle.unit-test";
		};
/* End PBXNativeTarget section */

/* Begin PBXProject section */
		6003F582195388D10070C39A /* Project object */ = {
			isa = PBXProject;
			attributes = {
				CLASSPREFIX = IU;
				LastUpgradeCheck = 0510;
				ORGANIZATIONNAME = binku;
				TargetAttributes = {
					6003F5AD195388D20070C39A = {
						TestTargetID = 6003F589195388D20070C39A;
					};
				};
			};
			buildConfigurationList = 6003F585195388D10070C39A /* Build configuration list for PBXProject "Boat" */;
			compatibilityVersion = "Xcode 3.2";
			developmentRegion = English;
			hasScannedForEncodings = 0;
			knownRegions = (
				en,
				Base,
			);
			mainGroup = 6003F581195388D10070C39A;
			productRefGroup = 6003F58B195388D20070C39A /* Products */;
			projectDirPath = "";
			projectRoot = "";
			targets = (
				6003F589195388D20070C39A /* Boat */,
				6003F5AD195388D20070C39A /* Tests */,
			);
		};
/* End PBXProject section */

/* Begin PBXResourcesBuildPhase section */
		6003F588195388D20070C39A /* Resources */ = {
			isa = PBXResourcesBuildPhase;
			buildActionMask = 2147483647;
			files = (
				34A1A2981A14367900D00AB4 /* Application.ss in Resources */,
				34A1A2991A14367900D00AB4 /* HelloWorld.ss in Resources */,
				6003F5A9195388D20070C39A /* Images.xcassets in Resources */,
				6003F598195388D20070C39A /* InfoPlist.strings in Resources */,
			);
			runOnlyForDeploymentPostprocessing = 0;
		};
		6003F5AC195388D20070C39A /* Resources */ = {
			isa = PBXResourcesBuildPhase;
			buildActionMask = 2147483647;
			files = (
				6003F5BA195388D20070C39A /* InfoPlist.strings in Resources */,
			);
			runOnlyForDeploymentPostprocessing = 0;
		};
/* End PBXResourcesBuildPhase section */

/* Begin PBXShellScriptBuildPhase section */
		320552D846E421787C21D389 /* Check Pods Manifest.lock */ = {
			isa = PBXShellScriptBuildPhase;
			buildActionMask = 2147483647;
			files = (
			);
			inputPaths = (
			);
			name = "Check Pods Manifest.lock";
			outputPaths = (
			);
			runOnlyForDeploymentPostprocessing = 0;
			shellPath = /bin/sh;
			shellScript = "diff \"${PODS_ROOT}/../Podfile.lock\" \"${PODS_ROOT}/Manifest.lock\" > /dev/null\nif [[ $? != 0 ]] ; then\n    cat << EOM\nerror: The sandbox is not in sync with the Podfile.lock. Run 'pod install' or update your CocoaPods installation.\nEOM\n    exit 1\nfi\n";
			showEnvVarsInLog = 0;
		};
		6BADDD0D43A798A0A043916F /* Check Pods Manifest.lock */ = {
			isa = PBXShellScriptBuildPhase;
			buildActionMask = 2147483647;
			files = (
			);
			inputPaths = (
			);
			name = "Check Pods Manifest.lock";
			outputPaths = (
			);
			runOnlyForDeploymentPostprocessing = 0;
			shellPath = /bin/sh;
			shellScript = "diff \"${PODS_ROOT}/../Podfile.lock\" \"${PODS_ROOT}/Manifest.lock\" > /dev/null\nif [[ $? != 0 ]] ; then\n    cat << EOM\nerror: The sandbox is not in sync with the Podfile.lock. Run 'pod install' or update your CocoaPods installation.\nEOM\n    exit 1\nfi\n";
			showEnvVarsInLog = 0;
		};
		D893BCDA65DA3B9B9422D231 /* Copy Pods Resources */ = {
			isa = PBXShellScriptBuildPhase;
			buildActionMask = 2147483647;
			files = (
			);
			inputPaths = (
			);
			name = "Copy Pods Resources";
			outputPaths = (
			);
			runOnlyForDeploymentPostprocessing = 0;
			shellPath = /bin/sh;
			shellScript = "\"${SRCROOT}/Pods/Target Support Files/Pods-Boat/Pods-Boat-resources.sh\"\n";
			showEnvVarsInLog = 0;
		};
		EE49BF239B7FCCF31E2D771E /* Copy Pods Resources */ = {
			isa = PBXShellScriptBuildPhase;
			buildActionMask = 2147483647;
			files = (
			);
			inputPaths = (
			);
			name = "Copy Pods Resources";
			outputPaths = (
			);
			runOnlyForDeploymentPostprocessing = 0;
			shellPath = /bin/sh;
			shellScript = "\"${SRCROOT}/Pods/Target Support Files/Pods-Tests/Pods-Tests-resources.sh\"\n";
			showEnvVarsInLog = 0;
		};
/* End PBXShellScriptBuildPhase section */

/* Begin PBXSourcesBuildPhase section */
		6003F586195388D20070C39A /* Sources */ = {
			isa = PBXSourcesBuildPhase;
			buildActionMask = 2147483647;
			files = (
				6003F59E195388D20070C39A /* IUAppDelegate.m in Sources */,
				6003F59A195388D20070C39A /* main.m in Sources */,
				AD428E84033CCE50B67217BE /* HelloWorldController.m in Sources */,
				EBEDB684794FD27FA45478FA /* ApplicationController.m in Sources */,
				37EBF5E244553FBE2FAAB1D8 /* HelloWorldView.m in Sources */,
				E27650303B0E49791A0096C5 /* ApplicationView.m in Sources */,
			);
			runOnlyForDeploymentPostprocessing = 0;
		};
		6003F5AA195388D20070C39A /* Sources */ = {
			isa = PBXSourcesBuildPhase;
			buildActionMask = 2147483647;
			files = (
				6003F5BC195388D20070C39A /* Tests.m in Sources */,
			);
			runOnlyForDeploymentPostprocessing = 0;
		};
/* End PBXSourcesBuildPhase section */

/* Begin PBXTargetDependency section */
		6003F5B4195388D20070C39A /* PBXTargetDependency */ = {
			isa = PBXTargetDependency;
			target = 6003F589195388D20070C39A /* Boat */;
			targetProxy = 6003F5B3195388D20070C39A /* PBXContainerItemProxy */;
		};
/* End PBXTargetDependency section */

/* Begin PBXVariantGroup section */
		6003F596195388D20070C39A /* InfoPlist.strings */ = {
			isa = PBXVariantGroup;
			children = (
				6003F597195388D20070C39A /* en */,
			);
			name = InfoPlist.strings;
			sourceTree = "<group>";
		};
		6003F5B8195388D20070C39A /* InfoPlist.strings */ = {
			isa = PBXVariantGroup;
			children = (
				6003F5B9195388D20070C39A /* en */,
			);
			name = InfoPlist.strings;
			sourceTree = "<group>";
		};
/* End PBXVariantGroup section */

/* Begin XCBuildConfiguration section */
		6003F5BD195388D20070C39A /* Debug */ = {
			isa = XCBuildConfiguration;
			buildSettings = {
				ALWAYS_SEARCH_USER_PATHS = NO;
				CLANG_CXX_LANGUAGE_STANDARD = "gnu++0x";
				CLANG_CXX_LIBRARY = "libc++";
				CLANG_ENABLE_MODULES = YES;
				CLANG_ENABLE_OBJC_ARC = YES;
				CLANG_WARN_BOOL_CONVERSION = YES;
				CLANG_WARN_CONSTANT_CONVERSION = YES;
				CLANG_WARN_DIRECT_OBJC_ISA_USAGE = YES_ERROR;
				CLANG_WARN_EMPTY_BODY = YES;
				CLANG_WARN_ENUM_CONVERSION = YES;
				CLANG_WARN_INT_CONVERSION = YES;
				CLANG_WARN_OBJC_ROOT_CLASS = YES_ERROR;
				CLANG_WARN__DUPLICATE_METHOD_MATCH = YES;
				"CODE_SIGN_IDENTITY[sdk=iphoneos*]" = "iPhone Developer";
				COPY_PHASE_STRIP = NO;
				GCC_C_LANGUAGE_STANDARD = gnu99;
				GCC_DYNAMIC_NO_PIC = NO;
				GCC_OPTIMIZATION_LEVEL = 0;
				GCC_PREPROCESSOR_DEFINITIONS = (
					"DEBUG=1",
					"$(inherited)",
				);
				GCC_SYMBOLS_PRIVATE_EXTERN = NO;
				GCC_WARN_64_TO_32_BIT_CONVERSION = YES;
				GCC_WARN_ABOUT_RETURN_TYPE = YES_ERROR;
				GCC_WARN_UNDECLARED_SELECTOR = YES;
				GCC_WARN_UNINITIALIZED_AUTOS = YES_AGGRESSIVE;
				GCC_WARN_UNUSED_FUNCTION = YES;
				GCC_WARN_UNUSED_VARIABLE = YES;
				IPHONEOS_DEPLOYMENT_TARGET = 7.1;
				ONLY_ACTIVE_ARCH = YES;
				SDKROOT = iphoneos;
				TARGETED_DEVICE_FAMILY = "1,2";
			};
			name = Debug;
		};
		6003F5BE195388D20070C39A /* Release */ = {
			isa = XCBuildConfiguration;
			buildSettings = {
				ALWAYS_SEARCH_USER_PATHS = NO;
				CLANG_CXX_LANGUAGE_STANDARD = "gnu++0x";
				CLANG_CXX_LIBRARY = "libc++";
				CLANG_ENABLE_MODULES = YES;
				CLANG_ENABLE_OBJC_ARC = YES;
				CLANG_WARN_BOOL_CONVERSION = YES;
				CLANG_WARN_CONSTANT_CONVERSION = YES;
				CLANG_WARN_DIRECT_OBJC_ISA_USAGE = YES_ERROR;
				CLANG_WARN_EMPTY_BODY = YES;
				CLANG_WARN_ENUM_CONVERSION = YES;
				CLANG_WARN_INT_CONVERSION = YES;
				CLANG_WARN_OBJC_ROOT_CLASS = YES_ERROR;
				CLANG_WARN__DUPLICATE_METHOD_MATCH = YES;
				"CODE_SIGN_IDENTITY[sdk=iphoneos*]" = "iPhone Developer";
				COPY_PHASE_STRIP = YES;
				ENABLE_NS_ASSERTIONS = NO;
				GCC_C_LANGUAGE_STANDARD = gnu99;
				GCC_WARN_64_TO_32_BIT_CONVERSION = YES;
				GCC_WARN_ABOUT_RETURN_TYPE = YES_ERROR;
				GCC_WARN_UNDECLARED_SELECTOR = YES;
				GCC_WARN_UNINITIALIZED_AUTOS = YES_AGGRESSIVE;
				GCC_WARN_UNUSED_FUNCTION = YES;
				GCC_WARN_UNUSED_VARIABLE = YES;
				IPHONEOS_DEPLOYMENT_TARGET = 7.1;
				SDKROOT = iphoneos;
				TARGETED_DEVICE_FAMILY = "1,2";
				VALIDATE_PRODUCT = YES;
			};
			name = Release;
		};
		6003F5C0195388D20070C39A /* Debug */ = {
			isa = XCBuildConfiguration;
			baseConfigurationReference = 819D09FA5F0BDB33D530CA4F /* Pods-Boat.debug.xcconfig */;
			buildSettings = {
				ASSETCATALOG_COMPILER_APPICON_NAME = AppIcon;
				ASSETCATALOG_COMPILER_LAUNCHIMAGE_NAME = LaunchImage;
				GCC_PRECOMPILE_PREFIX_HEADER = YES;
				GCC_PREFIX_HEADER = "Boat/Boat-Prefix.pch";
				INFOPLIST_FILE = "Boat/Boat-Info.plist";
				LIBRARY_SEARCH_PATHS = (
					"$(inherited)",
					"$(PROJECT_DIR)/Pods/build/Debug-iphoneos",
				);
				PRODUCT_NAME = "$(TARGET_NAME)";
				WRAPPER_EXTENSION = app;
			};
			name = Debug;
		};
		6003F5C1195388D20070C39A /* Release */ = {
			isa = XCBuildConfiguration;
			baseConfigurationReference = A019CAA36BF6C6C79FD75DA2 /* Pods-Boat.release.xcconfig */;
			buildSettings = {
				ASSETCATALOG_COMPILER_APPICON_NAME = AppIcon;
				ASSETCATALOG_COMPILER_LAUNCHIMAGE_NAME = LaunchImage;
				GCC_PRECOMPILE_PREFIX_HEADER = YES;
				GCC_PREFIX_HEADER = "Boat/Boat-Prefix.pch";
				INFOPLIST_FILE = "Boat/Boat-Info.plist";
				LIBRARY_SEARCH_PATHS = (
					"$(inherited)",
					"$(PROJECT_DIR)/Pods/build/Debug-iphoneos",
				);
				PRODUCT_NAME = "$(TARGET_NAME)";
				WRAPPER_EXTENSION = app;
			};
			name = Release;
		};
		6003F5C3195388D20070C39A /* Debug */ = {
			isa = XCBuildConfiguration;
			baseConfigurationReference = 750229D570C9079E6C6C1207 /* Pods-Tests.debug.xcconfig */;
			buildSettings = {
				BUNDLE_LOADER = "$(BUILT_PRODUCTS_DIR)/Boat.app/Boat";
				FRAMEWORK_SEARCH_PATHS = (
					"$(SDKROOT)/Developer/Library/Frameworks",
					"$(inherited)",
					"$(DEVELOPER_FRAMEWORKS_DIR)",
				);
				GCC_PRECOMPILE_PREFIX_HEADER = YES;
				GCC_PREFIX_HEADER = "Tests/Tests-Prefix.pch";
				GCC_PREPROCESSOR_DEFINITIONS = (
					"DEBUG=1",
					"$(inherited)",
				);
				INFOPLIST_FILE = "Tests/Tests-Info.plist";
				PRODUCT_NAME = "$(TARGET_NAME)";
				TEST_HOST = "$(BUNDLE_LOADER)";
				WRAPPER_EXTENSION = xctest;
			};
			name = Debug;
		};
		6003F5C4195388D20070C39A /* Release */ = {
			isa = XCBuildConfiguration;
			baseConfigurationReference = 85FB6513F48A5547DB497C7D /* Pods-Tests.release.xcconfig */;
			buildSettings = {
				BUNDLE_LOADER = "$(BUILT_PRODUCTS_DIR)/Boat.app/Boat";
				FRAMEWORK_SEARCH_PATHS = (
					"$(SDKROOT)/Developer/Library/Frameworks",
					"$(inherited)",
					"$(DEVELOPER_FRAMEWORKS_DIR)",
				);
				GCC_PRECOMPILE_PREFIX_HEADER = YES;
				GCC_PREFIX_HEADER = "Tests/Tests-Prefix.pch";
				INFOPLIST_FILE = "Tests/Tests-Info.plist";
				PRODUCT_NAME = "$(TARGET_NAME)";
				TEST_HOST = "$(BUNDLE_LOADER)";
				WRAPPER_EXTENSION = xctest;
			};
			name = Release;
		};
/* End XCBuildConfiguration section */

/* Begin XCConfigurationList section */
		6003F585195388D10070C39A /* Build configuration list for PBXProject "Boat" */ = {
			isa = XCConfigurationList;
			buildConfigurations = (
				6003F5BD195388D20070C39A /* Debug */,
				6003F5BE195388D20070C39A /* Release */,
			);
			defaultConfigurationIsVisible = 0;
			defaultConfigurationName = Release;
		};
		6003F5BF195388D20070C39A /* Build configuration list for PBXNativeTarget "Boat" */ = {
			isa = XCConfigurationList;
			buildConfigurations = (
				6003F5C0195388D20070C39A /* Debug */,
				6003F5C1195388D20070C39A /* Release */,
			);
			defaultConfigurationIsVisible = 0;
			defaultConfigurationName = Release;
		};
		6003F5C2195388D20070C39A /* Build configuration list for PBXNativeTarget "Tests" */ = {
			isa = XCConfigurationList;
			buildConfigurations = (
				6003F5C3195388D20070C39A /* Debug */,
				6003F5C4195388D20070C39A /* Release */,
			);
			defaultConfigurationIsVisible = 0;
			defaultConfigurationName = Release;
		};
/* End XCConfigurationList section */
	};
	rootObject = 6003F582195388D10070C39A /* Project object */;
}
